
Microsoft Visual Studio Solution File, Format Version 12.00
# Visual Studio 15
VisualStudioVersion = 15.0.28307.421
MinimumVisualStudioVersion = 10.0.40219.1
Project("{FAE04EC0-301F-11D3-BF4B-00C04F79EFBC}") = "UserMaintenance", "UserMaintenance\UserMaintenance.csproj", "{DA81B119-14BB-4D3C-A361-283B9F0768E4}"
EndProject
Global
	GlobalSection(SolutionConfigurationPlatforms) = preSolution
		Debug|Any CPU = Debug|Any CPU
		Release|Any CPU = Release|Any CPU
	EndGlobalSection
	GlobalSection(ProjectConfigurationPlatforms) = postSolution
		{DA81B119-14BB-4D3C-A361-283B9F0768E4}.Debug|Any CPU.ActiveCfg = Debug|Any CPU
		{DA81B119-14BB-4D3C-A361-283B9F0768E4}.Debug|Any CPU.Build.0 = Debug|Any CPU
		{DA81B119-14BB-4D3C-A361-283B9F0768E4}.Release|Any CPU.ActiveCfg = Release|Any CPU
		{DA81B119-14BB-4D3C-A361-283B9F0768E4}.Release|Any CPU.Build.0 = Release|Any CPU
	EndGlobalSection
	GlobalSection(SolutionProperties) = preSolution
		HideSolutionNode = FALSE
	EndGlobalSection
	GlobalSection(ExtensibilityGlobals) = postSolution
		SolutionGuid = {1F0DE77A-1519-4330-9C84-CCDE23F4494E}
	EndGlobalSection
EndGlobal
